
Microsoft Visual Studio Solution File, Format Version 12.00
# Visual Studio Version 16
VisualStudioVersion = 16.0.29201.188
MinimumVisualStudioVersion = 10.0.40219.1
Project("{FAE04EC0-301F-11D3-BF4B-00C04F79EFBC}") = "examenu6", "examenu6.csproj", "{D9EDD0EF-5924-4DAF-B1EF-489C9DF0C5D5}"
EndProject
Global
	GlobalSection(SolutionConfigurationPlatforms) = preSolution
		Debug|Any CPU = Debug|Any CPU
		Release|Any CPU = Release|Any CPU
	EndGlobalSection
	GlobalSection(ProjectConfigurationPlatforms) = postSolution
		{D9EDD0EF-5924-4DAF-B1EF-489C9DF0C5D5}.Debug|Any CPU.ActiveCfg = Debug|Any CPU
		{D9EDD0EF-5924-4DAF-B1EF-489C9DF0C5D5}.Debug|Any CPU.Build.0 = Debug|Any CPU
		{D9EDD0EF-5924-4DAF-B1EF-489C9DF0C5D5}.Release|Any CPU.ActiveCfg = Release|Any CPU
		{D9EDD0EF-5924-4DAF-B1EF-489C9DF0C5D5}.Release|Any CPU.Build.0 = Release|Any CPU
	EndGlobalSection
	GlobalSection(SolutionProperties) = preSolution
		HideSolutionNode = FALSE
	EndGlobalSection
	GlobalSection(ExtensibilityGlobals) = postSolution
		SolutionGuid = {52B140AA-A77C-4116-9522-79349CDC0DE4}
	EndGlobalSection
EndGlobal
